
Microsoft Visual Studio Solution File, Format Version 12.00
# Visual Studio Version 17
VisualStudioVersion = 17.4.33213.308
MinimumVisualStudioVersion = 10.0.40219.1
Project("{FAE04EC0-301F-11D3-BF4B-00C04F79EFBC}") = "ProjetoBanco", "ProjetoBanco.csproj", "{DB05415C-BC40-4FBE-84AC-F312CB545EE9}"
EndProject
Global
	GlobalSection(SolutionConfigurationPlatforms) = preSolution
		Debug|Any CPU = Debug|Any CPU
		Release|Any CPU = Release|Any CPU
	EndGlobalSection
	GlobalSection(ProjectConfigurationPlatforms) = postSolution
		{DB05415C-BC40-4FBE-84AC-F312CB545EE9}.Debug|Any CPU.ActiveCfg = Debug|Any CPU
		{DB05415C-BC40-4FBE-84AC-F312CB545EE9}.Debug|Any CPU.Build.0 = Debug|Any CPU
		{DB05415C-BC40-4FBE-84AC-F312CB545EE9}.Release|Any CPU.ActiveCfg = Release|Any CPU
		{DB05415C-BC40-4FBE-84AC-F312CB545EE9}.Release|Any CPU.Build.0 = Release|Any CPU
	EndGlobalSection
	GlobalSection(SolutionProperties) = preSolution
		HideSolutionNode = FALSE
	EndGlobalSection
	GlobalSection(ExtensibilityGlobals) = postSolution
		SolutionGuid = {E86D92F1-E8EA-4DC5-A8B5-087CF6B9E540}
	EndGlobalSection
EndGlobal
